
Microsoft Visual Studio Solution File, Format Version 12.00
# Visual Studio Version 17
VisualStudioVersion = 17.3.32819.101
MinimumVisualStudioVersion = 10.0.40219.1
Project("{FAE04EC0-301F-11D3-BF4B-00C04F79EFBC}") = "mis-521-assignment-2-jquery-and-ajax-11950348", "mis-521-assignment-2-jquery-and-ajax-11950348.csproj", "{2261904A-0906-4BB5-961E-903097871A53}"
EndProject
Global
	GlobalSection(SolutionConfigurationPlatforms) = preSolution
		Debug|Any CPU = Debug|Any CPU
		Release|Any CPU = Release|Any CPU
	EndGlobalSection
	GlobalSection(ProjectConfigurationPlatforms) = postSolution
		{2261904A-0906-4BB5-961E-903097871A53}.Debug|Any CPU.ActiveCfg = Debug|Any CPU
		{2261904A-0906-4BB5-961E-903097871A53}.Debug|Any CPU.Build.0 = Debug|Any CPU
		{2261904A-0906-4BB5-961E-903097871A53}.Release|Any CPU.ActiveCfg = Release|Any CPU
		{2261904A-0906-4BB5-961E-903097871A53}.Release|Any CPU.Build.0 = Release|Any CPU
	EndGlobalSection
	GlobalSection(SolutionProperties) = preSolution
		HideSolutionNode = FALSE
	EndGlobalSection
	GlobalSection(ExtensibilityGlobals) = postSolution
		SolutionGuid = {D9AC8F19-1BBF-4359-9FC5-2F5145A13438}
	EndGlobalSection
EndGlobal
